
Microsoft Visual Studio Solution File, Format Version 12.00
# Visual Studio Version 17
VisualStudioVersion = 17.4.33213.308
MinimumVisualStudioVersion = 10.0.40219.1
Project("{FAE04EC0-301F-11D3-BF4B-00C04F79EFBC}") = "LibraryManagement", "LibraryManagement\LibraryManagement.csproj", "{6B0A9A62-0B20-4CA4-940F-80E82D42D063}"
EndProject
Global
	GlobalSection(SolutionConfigurationPlatforms) = preSolution
		Debug|Any CPU = Debug|Any CPU
		Release|Any CPU = Release|Any CPU
	EndGlobalSection
	GlobalSection(ProjectConfigurationPlatforms) = postSolution
		{6B0A9A62-0B20-4CA4-940F-80E82D42D063}.Debug|Any CPU.ActiveCfg = Debug|Any CPU
		{6B0A9A62-0B20-4CA4-940F-80E82D42D063}.Debug|Any CPU.Build.0 = Debug|Any CPU
		{6B0A9A62-0B20-4CA4-940F-80E82D42D063}.Release|Any CPU.ActiveCfg = Release|Any CPU
		{6B0A9A62-0B20-4CA4-940F-80E82D42D063}.Release|Any CPU.Build.0 = Release|Any CPU
	EndGlobalSection
	GlobalSection(SolutionProperties) = preSolution
		HideSolutionNode = FALSE
	EndGlobalSection
	GlobalSection(ExtensibilityGlobals) = postSolution
		SolutionGuid = {E1A6D36B-942C-410F-9249-BA83A9CB67D2}
	EndGlobalSection
EndGlobal
